
Microsoft Visual Studio Solution File, Format Version 12.00
# Visual Studio Version 16
VisualStudioVersion = 16.0.31410.357
MinimumVisualStudioVersion = 10.0.40219.1
Project("{FAE04EC0-301F-11D3-BF4B-00C04F79EFBC}") = "AutoClickByImage", "AutoClickByImage\AutoClickByImage.csproj", "{C100F756-BCB5-4AD5-8564-6B4F7CE178A0}"
EndProject
Global
	GlobalSection(SolutionConfigurationPlatforms) = preSolution
		Debug|Any CPU = Debug|Any CPU
		Release|Any CPU = Release|Any CPU
	EndGlobalSection
	GlobalSection(ProjectConfigurationPlatforms) = postSolution
		{C100F756-BCB5-4AD5-8564-6B4F7CE178A0}.Debug|Any CPU.ActiveCfg = Debug|Any CPU
		{C100F756-BCB5-4AD5-8564-6B4F7CE178A0}.Debug|Any CPU.Build.0 = Debug|Any CPU
		{C100F756-BCB5-4AD5-8564-6B4F7CE178A0}.Release|Any CPU.ActiveCfg = Release|Any CPU
		{C100F756-BCB5-4AD5-8564-6B4F7CE178A0}.Release|Any CPU.Build.0 = Release|Any CPU
	EndGlobalSection
	GlobalSection(SolutionProperties) = preSolution
		HideSolutionNode = FALSE
	EndGlobalSection
	GlobalSection(ExtensibilityGlobals) = postSolution
		SolutionGuid = {91A5D65E-9DE6-45C6-84C1-A3F26E336F5A}
	EndGlobalSection
EndGlobal
